
Microsoft Visual Studio Solution File, Format Version 12.00
# Visual Studio Version 17
VisualStudioVersion = 17.7.34024.191
MinimumVisualStudioVersion = 10.0.40219.1
Project("{FAE04EC0-301F-11D3-BF4B-00C04F79EFBC}") = "eTickets", "eTickets\eTickets.csproj", "{4C7B5419-4A43-4BC5-860C-18766014310D}"
EndProject
Global
	GlobalSection(SolutionConfigurationPlatforms) = preSolution
		Debug|Any CPU = Debug|Any CPU
		Release|Any CPU = Release|Any CPU
	EndGlobalSection
	GlobalSection(ProjectConfigurationPlatforms) = postSolution
		{4C7B5419-4A43-4BC5-860C-18766014310D}.Debug|Any CPU.ActiveCfg = Debug|Any CPU
		{4C7B5419-4A43-4BC5-860C-18766014310D}.Debug|Any CPU.Build.0 = Debug|Any CPU
		{4C7B5419-4A43-4BC5-860C-18766014310D}.Release|Any CPU.ActiveCfg = Release|Any CPU
		{4C7B5419-4A43-4BC5-860C-18766014310D}.Release|Any CPU.Build.0 = Release|Any CPU
	EndGlobalSection
	GlobalSection(SolutionProperties) = preSolution
		HideSolutionNode = FALSE
	EndGlobalSection
	GlobalSection(ExtensibilityGlobals) = postSolution
		SolutionGuid = {C089CCED-5BAB-4DF4-9AAD-2A558C7F5A8C}
	EndGlobalSection
EndGlobal
